Microsoft Visual Studio Solution File, Format Version 12.00
# Visual Studio Version 17
VisualStudioVersion = 17.7.34031.279
MinimumVisualStudioVersion = 10.0.40219.1
Project("{FAE04EC0-301F-11D3-BF4B-00C04F79EFBC}") = "IcoCur", "IcoCur.csproj", "{551F72A5-9946-4423-AD6A-5EFF2C2307D8}"
EndProject
Global
	GlobalSection(SolutionConfigurationPlatforms) = preSolution
		Debug|Any CPU = Debug|Any CPU
		Release|Any CPU = Release|Any CPU
	EndGlobalSection
	GlobalSection(ProjectConfigurationPlatforms) = postSolution
		{551F72A5-9946-4423-AD6A-5EFF2C2307D8}.Debug|Any CPU.ActiveCfg = Debug|Any CPU
		{551F72A5-9946-4423-AD6A-5EFF2C2307D8}.Debug|Any CPU.Build.0 = Debug|Any CPU
		{551F72A5-9946-4423-AD6A-5EFF2C2307D8}.Release|Any CPU.ActiveCfg = Release|Any CPU
		{551F72A5-9946-4423-AD6A-5EFF2C2307D8}.Release|Any CPU.Build.0 = Release|Any CPU
	EndGlobalSection
	GlobalSection(SolutionProperties) = preSolution
		HideSolutionNode = FALSE
	EndGlobalSection
	GlobalSection(ExtensibilityGlobals) = postSolution
		SolutionGuid = {5B46FA18-2621-4DD2-8C79-CE0A2C6B6145}
	EndGlobalSection
EndGlobal
